// !$*UTF8*$!
{
	archiveVersion = 1;
	classes = {
	};
	objectVersion = 46;
	objects = {

/* Begin PBXBuildFile section */
		B823D7B11D4F3E1700D68D75 /* uploadPhotoViewController.m in Sources */ = {isa = PBXBuildFile; fileRef = B823D7B01D4F3E1700D68D75 /* uploadPhotoViewController.m */; };
		B823D7B31D4F401B00D68D75 /* CoreLocation.framework in Frameworks */ = {isa = PBXBuildFile; fileRef = B823D7B21D4F401B00D68D75 /* CoreLocation.framework */; };
		B823D7C41D4F47BF00D68D75 /* CoreTelephony.framework in Frameworks */ = {isa = PBXBuildFile; fileRef = B823D7C31D4F47BF00D68D75 /* CoreTelephony.framework */; };
		B823D7C61D4F47CB00D68D75 /* SystemConfiguration.framework in Frameworks */ = {isa = PBXBuildFile; fileRef = B823D7C51D4F47CB00D68D75 /* SystemConfiguration.framework */; };
		B823D7C81D4F47DC00D68D75 /* libz.tbd in Frameworks */ = {isa = PBXBuildFile; fileRef = B823D7C71D4F47DC00D68D75 /* libz.tbd */; };
		B83491CE1D473AA900B10A5D /* IMG_0421.jpg in Resources */ = {isa = PBXBuildFile; fileRef = B83491CD1D473AA900B10A5D /* IMG_0421.jpg */; };
		B83491D01D473DCF00B10A5D /* frame.png in Resources */ = {isa = PBXBuildFile; fileRef = B83491CF1D473DCF00B10A5D /* frame.png */; };
		B83491D21D473E2400B10A5D /* rrt.jpg in Resources */ = {isa = PBXBuildFile; fileRef = B83491D11D473E2400B10A5D /* rrt.jpg */; };
		B83491D41D48C1FA00B10A5D /* clock.png in Resources */ = {isa = PBXBuildFile; fileRef = B83491D31D48C1FA00B10A5D /* clock.png */; };
		B83491D61D48CA7C00B10A5D /* heart-icon.png in Resources */ = {isa = PBXBuildFile; fileRef = B83491D51D48CA7C00B10A5D /* heart-icon.png */; };
		B83491D91D49F96C00B10A5D /* demoViewController.m in Sources */ = {isa = PBXBuildFile; fileRef = B83491D81D49F96C00B10A5D /* demoViewController.m */; };
		B846AD2D1D40B96F0014AC4A /* userTakePhotoViewController.mm in Sources */ = {isa = PBXBuildFile; fileRef = B846AD2C1D40B96F0014AC4A /* userTakePhotoViewController.mm */; };
		B88F39901D4F4B8F00F203DB /* AMapLocationKit.framework in Frameworks */ = {isa = PBXBuildFile; fileRef = B88F398B1D4F4B8600F203DB /* AMapLocationKit.framework */; };
		B88F39971D4F4BF000F203DB /* AMapFoundationKit.framework in Frameworks */ = {isa = PBXBuildFile; fileRef = B88F39941D4F4BF000F203DB /* AMapFoundationKit.framework */; };
		B88F399B1D4F523100F203DB /* HTTPService.m in Sources */ = {isa = PBXBuildFile; fileRef = B88F399A1D4F523100F203DB /* HTTPService.m */; };
		B88F39B11D4F528E00F203DB /* AFHTTPRequestOperation.m in Sources */ = {isa = PBXBuildFile; fileRef = B88F399F1D4F528E00F203DB /* AFHTTPRequestOperation.m */; };
		B88F39B21D4F528E00F203DB /* AFHTTPRequestOperationManager.m in Sources */ = {isa = PBXBuildFile; fileRef = B88F39A11D4F528E00F203DB /* AFHTTPRequestOperationManager.m */; };
		B88F39B31D4F528E00F203DB /* AFHTTPSessionManager.m in Sources */ = {isa = PBXBuildFile; fileRef = B88F39A31D4F528E00F203DB /* AFHTTPSessionManager.m */; };
		B88F39B41D4F528E00F203DB /* AFNetworkReachabilityManager.m in Sources */ = {isa = PBXBuildFile; fileRef = B88F39A61D4F528E00F203DB /* AFNetworkReachabilityManager.m */; };
		B88F39B51D4F528E00F203DB /* AFSecurityPolicy.m in Sources */ = {isa = PBXBuildFile; fileRef = B88F39A81D4F528E00F203DB /* AFSecurityPolicy.m */; };
		B88F39B61D4F528E00F203DB /* AFURLConnectionOperation.m in Sources */ = {isa = PBXBuildFile; fileRef = B88F39AA1D4F528E00F203DB /* AFURLConnectionOperation.m */; };
		B88F39B71D4F528E00F203DB /* AFURLRequestSerialization.m in Sources */ = {isa = PBXBuildFile; fileRef = B88F39AC1D4F528E00F203DB /* AFURLRequestSerialization.m */; };
		B88F39B81D4F528E00F203DB /* AFURLResponseSerialization.m in Sources */ = {isa = PBXBuildFile; fileRef = B88F39AE1D4F528E00F203DB /* AFURLResponseSerialization.m */; };
		B88F39B91D4F528E00F203DB /* AFURLSessionManager.m in Sources */ = {isa = PBXBuildFile; fileRef = B88F39B01D4F528E00F203DB /* AFURLSessionManager.m */; };
		B88F39CF1D52F17E00F203DB /* MKAnnotationView+WebCache.m in Sources */ = {isa = PBXBuildFile; fileRef = B88F39BC1D52F17E00F203DB /* MKAnnotationView+WebCache.m */; };
		B88F39D01D52F17E00F203DB /* SDImageCache.m in Sources */ = {isa = PBXBuildFile; fileRef = B88F39BE1D52F17E00F203DB /* SDImageCache.m */; };
		B88F39D11D52F17E00F203DB /* SDWebImageDecoder.m in Sources */ = {isa = PBXBuildFile; fileRef = B88F39C21D52F17E00F203DB /* SDWebImageDecoder.m */; };
		B88F39D21D52F17E00F203DB /* SDWebImageDownloader.m in Sources */ = {isa = PBXBuildFile; fileRef = B88F39C41D52F17E00F203DB /* SDWebImageDownloader.m */; };
		B88F39D31D52F17E00F203DB /* SDWebImageManager.m in Sources */ = {isa = PBXBuildFile; fileRef = B88F39C71D52F17E00F203DB /* SDWebImageManager.m */; };
		B88F39D41D52F17E00F203DB /* SDWebImagePrefetcher.m in Sources */ = {isa = PBXBuildFile; fileRef = B88F39CA1D52F17E00F203DB /* SDWebImagePrefetcher.m */; };
		B88F39D51D52F17E00F203DB /* UIButton+WebCache.m in Sources */ = {isa = PBXBuildFile; fileRef = B88F39CC1D52F17E00F203DB /* UIButton+WebCache.m */; };
		B88F39D61D52F17E00F203DB /* UIImageView+WebCache.m in Sources */ = {isa = PBXBuildFile; fileRef = B88F39CE1D52F17E00F203DB /* UIImageView+WebCache.m */; };
		F1A7AA2F1C06CACF0060ADF6 /* LaunchScreen.xib in Resources */ = {isa = PBXBuildFile; fileRef = F1A7AA2D1C06CACF0060ADF6 /* LaunchScreen.xib */; };
		F1D13BAC1C040394008F72E2 /* main.m in Sources */ = {isa = PBXBuildFile; fileRef = F1D13BAB1C040394008F72E2 /* main.m */; };
		F1D13BB51C040395008F72E2 /* Main.storyboard in Resources */ = {isa = PBXBuildFile; fileRef = F1D13BB31C040395008F72E2 /* Main.storyboard */; };
		F1D13BB71C040395008F72E2 /* Assets.xcassets in Resources */ = {isa = PBXBuildFile; fileRef = F1D13BB61C040395008F72E2 /* Assets.xcassets */; };
		F1D13BDD1C040841008F72E2 /* AppDelegate.mm in Sources */ = {isa = PBXBuildFile; fileRef = F1D13BD31C040841008F72E2 /* AppDelegate.mm */; };
		F1D13BDE1C040841008F72E2 /* ar.cc in Sources */ = {isa = PBXBuildFile; fileRef = F1D13BD41C040841008F72E2 /* ar.cc */; };
		F1D13BE01C040841008F72E2 /* OpenGLView.mm in Sources */ = {isa = PBXBuildFile; fileRef = F1D13BD81C040841008F72E2 /* OpenGLView.mm */; };
		F1D13BE11C040841008F72E2 /* renderer.cc in Sources */ = {isa = PBXBuildFile; fileRef = F1D13BD91C040841008F72E2 /* renderer.cc */; };
		F1D13BE21C040841008F72E2 /* ViewController.m in Sources */ = {isa = PBXBuildFile; fileRef = F1D13BDC1C040841008F72E2 /* ViewController.m */; };
		F1D13C0D1C041F55008F72E2 /* UIKit.framework in Frameworks */ = {isa = PBXBuildFile; fileRef = F1D13C0C1C041F55008F72E2 /* UIKit.framework */; };
		F1D13C0F1C041F5E008F72E2 /* QuartzCore.framework in Frameworks */ = {isa = PBXBuildFile; fileRef = F1D13C0E1C041F5E008F72E2 /* QuartzCore.framework */; };
		F1D13C111C041F63008F72E2 /* OpenGLES.framework in Frameworks */ = {isa = PBXBuildFile; fileRef = F1D13C101C041F63008F72E2 /* OpenGLES.framework */; };
		F1D13C131C041F6E008F72E2 /* CoreVideo.framework in Frameworks */ = {isa = PBXBuildFile; fileRef = F1D13C121C041F6E008F72E2 /* CoreVideo.framework */; };
		F1D13C171C042657008F72E2 /* CoreMedia.framework in Frameworks */ = {isa = PBXBuildFile; fileRef = F1D13C161C042657008F72E2 /* CoreMedia.framework */; };
		F1D13C181C04265F008F72E2 /* CoreImage.framework in Frameworks */ = {isa = PBXBuildFile; fileRef = F1D13C141C041F74008F72E2 /* CoreImage.framework */; };
		F1D13C1A1C04266A008F72E2 /* CoreGraphics.framework in Frameworks */ = {isa = PBXBuildFile; fileRef = F1D13C191C04266A008F72E2 /* CoreGraphics.framework */; };
		F1D13C1C1C042672008F72E2 /* AVFoundation.framework in Frameworks */ = {isa = PBXBuildFile; fileRef = F1D13C1B1C042672008F72E2 /* AVFoundation.framework */; };
		F1D13C1E1C04267C008F72E2 /* easyar.framework in Frameworks */ = {isa = PBXBuildFile; fileRef = F1D13C1D1C04267C008F72E2 /* easyar.framework */; };
		F1D13C301C04370B008F72E2 /* argame00.jpg in Resources */ = {isa = PBXBuildFile; fileRef = F1D13C2A1C04370B008F72E2 /* argame00.jpg */; };
		F1D13C311C04370B008F72E2 /* idback.jpg in Resources */ = {isa = PBXBuildFile; fileRef = F1D13C2B1C04370B008F72E2 /* idback.jpg */; };
		F1D13C321C04370B008F72E2 /* namecard.jpg in Resources */ = {isa = PBXBuildFile; fileRef = F1D13C2C1C04370B008F72E2 /* namecard.jpg */; };
		F1D13C331C04370B008F72E2 /* targets.json in Resources */ = {isa = PBXBuildFile; fileRef = F1D13C2D1C04370B008F72E2 /* targets.json */; };
		F1D13C341C04370B008F72E2 /* transparentvideo.mp4 in Resources */ = {isa = PBXBuildFile; fileRef = F1D13C2E1C04370B008F72E2 /* transparentvideo.mp4 */; };
		F1D13C351C04370B008F72E2 /* video.mp4 in Resources */ = {isa = PBXBuildFile; fileRef = F1D13C2F1C04370B008F72E2 /* video.mp4 */; };
/* End PBXBuildFile section */

/* Begin PBXFileReference section */
		B823D7AF1D4F3E1700D68D75 /* uploadPhotoViewController.h */ = {isa = PBXFileReference; fileEncoding = 4; lastKnownFileType = sourcecode.c.h; path = uploadPhotoViewController.h; sourceTree = "<group>"; };
		B823D7B01D4F3E1700D68D75 /* uploadPhotoViewController.m */ = {isa = PBXFileReference; fileEncoding = 4; lastKnownFileType = sourcecode.c.objc; path = uploadPhotoViewController.m; sourceTree = "<group>"; };
		B823D7B21D4F401B00D68D75 /* CoreLocation.framework */ = {isa = PBXFileReference; lastKnownFileType = wrapper.framework; name = CoreLocation.framework; path = System/Library/Frameworks/CoreLocation.framework; sourceTree = SDKROOT; };
		B823D7C31D4F47BF00D68D75 /* CoreTelephony.framework */ = {isa = PBXFileReference; lastKnownFileType = wrapper.framework; name = CoreTelephony.framework; path = System/Library/Frameworks/CoreTelephony.framework; sourceTree = SDKROOT; };
		B823D7C51D4F47CB00D68D75 /* SystemConfiguration.framework */ = {isa = PBXFileReference; lastKnownFileType = wrapper.framework; name = SystemConfiguration.framework; path = System/Library/Frameworks/SystemConfiguration.framework; sourceTree = SDKROOT; };
		B823D7C71D4F47DC00D68D75 /* libz.tbd */ = {isa = PBXFileReference; lastKnownFileType = "sourcecode.text-based-dylib-definition"; name = libz.tbd; path = usr/lib/libz.tbd; sourceTree = SDKROOT; };
		B83491CD1D473AA900B10A5D /* IMG_0421.jpg */ = {isa = PBXFileReference; lastKnownFileType = image.jpeg; path = IMG_0421.jpg; sourceTree = "<group>"; };
		B83491CF1D473DCF00B10A5D /* frame.png */ = {isa = PBXFileReference; lastKnownFileType = image.png; path = frame.png; sourceTree = "<group>"; };
		B83491D11D473E2400B10A5D /* rrt.jpg */ = {isa = PBXFileReference; lastKnownFileType = image.jpeg; path = rrt.jpg; sourceTree = "<group>"; };
		B83491D31D48C1FA00B10A5D /* clock.png */ = {isa = PBXFileReference; lastKnownFileType = image.png; path = clock.png; sourceTree = "<group>"; };
		B83491D51D48CA7C00B10A5D /* heart-icon.png */ = {isa = PBXFileReference; lastKnownFileType = image.png; path = "heart-icon.png"; sourceTree = "<group>"; };
		B83491D71D49F96C00B10A5D /* demoViewController.h */ = {isa = PBXFileReference; fileEncoding = 4; lastKnownFileType = sourcecode.c.h; path = demoViewController.h; sourceTree = "<group>"; };
		B83491D81D49F96C00B10A5D /* demoViewController.m */ = {isa = PBXFileReference; fileEncoding = 4; lastKnownFileType = sourcecode.c.objc; path = demoViewController.m; sourceTree = "<group>"; };
		B846AD2B1D40B96F0014AC4A /* userTakePhotoViewController.h */ = {isa = PBXFileReference; fileEncoding = 4; lastKnownFileType = sourcecode.c.h; path = userTakePhotoViewController.h; sourceTree = "<group>"; };
		B846AD2C1D40B96F0014AC4A /* userTakePhotoViewController.mm */ = {isa = PBXFileReference; fileEncoding = 4; lastKnownFileType = sourcecode.cpp.objcpp; path = userTakePhotoViewController.mm; sourceTree = "<group>"; };
		B88F398B1D4F4B8600F203DB /* AMapLocationKit.framework */ = {isa = PBXFileReference; lastKnownFileType = wrapper.framework; name = AMapLocationKit.framework; path = /Users/yueshen/Downloads/EasyARSDKSamples/iOS/HelloARVideo/helloarvideo/vendors/AMapLocationKit.framework; sourceTree = "<absolute>"; };
		B88F39931D4F4BF000F203DB /* AMapLocationKit.framework */ = {isa = PBXFileReference; lastKnownFileType = wrapper.framework; name = AMapLocationKit.framework; path = helloarvideo/vendors/AMapLocationKit.framework; sourceTree = "<group>"; };
		B88F39941D4F4BF000F203DB /* AMapFoundationKit.framework */ = {isa = PBXFileReference; lastKnownFileType = wrapper.framework; name = AMapFoundationKit.framework; path = helloarvideo/vendors/AMapFoundationKit.framework; sourceTree = "<group>"; };
		B88F39991D4F523100F203DB /* HTTPService.h */ = {isa = PBXFileReference; fileEncoding = 4; lastKnownFileType = sourcecode.c.h; name = HTTPService.h; path = ../HTTPService.h; sourceTree = "<group>"; };
		B88F399A1D4F523100F203DB /* HTTPService.m */ = {isa = PBXFileReference; fileEncoding = 4; lastKnownFileType = sourcecode.c.objc; name = HTTPService.m; path = ../HTTPService.m; sourceTree = "<group>"; };
		B88F399E1D4F528E00F203DB /* AFHTTPRequestOperation.h */ = {isa = PBXFileReference; fileEncoding = 4; lastKnownFileType = sourcecode.c.h; path = AFHTTPRequestOperation.h; sourceTree = "<group>"; };
		B88F399F1D4F528E00F203DB /* AFHTTPRequestOperation.m */ = {isa = PBXFileReference; fileEncoding = 4; lastKnownFileType = sourcecode.c.objc; path = AFHTTPRequestOperation.m; sourceTree = "<group>"; };
		B88F39A01D4F528E00F203DB /* AFHTTPRequestOperationManager.h */ = {isa = PBXFileReference; fileEncoding = 4; lastKnownFileType = sourcecode.c.h; path = AFHTTPRequestOperationManager.h; sourceTree = "<group>"; };
		B88F39A11D4F528E00F203DB /* AFHTTPRequestOperationManager.m */ = {isa = PBXFileReference; fileEncoding = 4; lastKnownFileType = sourcecode.c.objc; path = AFHTTPRequestOperationManager.m; sourceTree = "<group>"; };
		B88F39A21D4F528E00F203DB /* AFHTTPSessionManager.h */ = {isa = PBXFileReference; fileEncoding = 4; lastKnownFileType = sourcecode.c.h; path = AFHTTPSessionManager.h; sourceTree = "<group>"; };
		B88F39A31D4F528E00F203DB /* AFHTTPSessionManager.m */ = {isa = PBXFileReference; fileEncoding = 4; lastKnownFileType = sourcecode.c.objc; path = AFHTTPSessionManager.m; sourceTree = "<group>"; };
		B88F39A41D4F528E00F203DB /* AFNetworking.h */ = {isa = PBXFileReference; fileEncoding = 4; lastKnownFileType = sourcecode.c.h; path = AFNetworking.h; sourceTree = "<group>"; };
		B88F39A51D4F528E00F203DB /* AFNetworkReachabilityManager.h */ = {isa = PBXFileReference; fileEncoding = 4; lastKnownFileType = sourcecode.c.h; path = AFNetworkReachabilityManager.h; sourceTree = "<group>"; };
		B88F39A61D4F528E00F203DB /* AFNetworkReachabilityManager.m */ = {isa = PBXFileReference; fileEncoding = 4; lastKnownFileType = sourcecode.c.objc; path = AFNetworkReachabilityManager.m; sourceTree = "<group>"; };
		B88F39A71D4F528E00F203DB /* AFSecurityPolicy.h */ = {isa = PBXFileReference; fileEncoding = 4; lastKnownFileType = sourcecode.c.h; path = AFSecurityPolicy.h; sourceTree = "<group>"; };
		B88F39A81D4F528E00F203DB /* AFSecurityPolicy.m */ = {isa = PBXFileReference; fileEncoding = 4; lastKnownFileType = sourcecode.c.objc; path = AFSecurityPolicy.m; sourceTree = "<group>"; };
		B88F39A91D4F528E00F203DB /* AFURLConnectionOperation.h */ = {isa = PBXFileReference; fileEncoding = 4; lastKnownFileType = sourcecode.c.h; path = AFURLConnectionOperation.h; sourceTree = "<group>"; };
		B88F39AA1D4F528E00F203DB /* AFURLConnectionOperation.m */ = {isa = PBXFileReference; fileEncoding = 4; lastKnownFileType = sourcecode.c.objc; path = AFURLConnectionOperation.m; sourceTree = "<group>"; };
		B88F39AB1D4F528E00F203DB /* AFURLRequestSerialization.h */ = {isa = PBXFileReference; fileEncoding = 4; lastKnownFileType = sourcecode.c.h; path = AFURLRequestSerialization.h; sourceTree = "<group>"; };
		B88F39AC1D4F528E00F203DB /* AFURLRequestSerialization.m */ = {isa = PBXFileReference; fileEncoding = 4; lastKnownFileType = sourcecode.c.objc; path = AFURLRequestSerialization.m; sourceTree = "<group>"; };
		B88F39AD1D4F528E00F203DB /* AFURLResponseSerialization.h */ = {isa = PBXFileReference; fileEncoding = 4; lastKnownFileType = sourcecode.c.h; path = AFURLResponseSerialization.h; sourceTree = "<group>"; };
		B88F39AE1D4F528E00F203DB /* AFURLResponseSerialization.m */ = {isa = PBXFileReference; fileEncoding = 4; lastKnownFileType = sourcecode.c.objc; path = AFURLResponseSerialization.m; sourceTree = "<group>"; };
		B88F39AF1D4F528E00F203DB /* AFURLSessionManager.h */ = {isa = PBXFileReference; fileEncoding = 4; lastKnownFileType = sourcecode.c.h; path = AFURLSessionManager.h; sourceTree = "<group>"; };
		B88F39B01D4F528E00F203DB /* AFURLSessionManager.m */ = {isa = PBXFileReference; fileEncoding = 4; lastKnownFileType = sourcecode.c.objc; path = AFURLSessionManager.m; sourceTree = "<group>"; };
		B88F39BB1D52F17E00F203DB /* MKAnnotationView+WebCache.h */ = {isa = PBXFileReference; fileEncoding = 4; lastKnownFileType = sourcecode.c.h; path = "MKAnnotationView+WebCache.h"; sourceTree = "<group>"; };
		B88F39BC1D52F17E00F203DB /* MKAnnotationView+WebCache.m */ = {isa = PBXFileReference; fileEncoding = 4; lastKnownFileType = sourcecode.c.objc; path = "MKAnnotationView+WebCache.m"; sourceTree = "<group>"; };
		B88F39BD1D52F17E00F203DB /* SDImageCache.h */ = {isa = PBXFileReference; fileEncoding = 4; lastKnownFileType = sourcecode.c.h; path = SDImageCache.h; sourceTree = "<group>"; };
		B88F39BE1D52F17E00F203DB /* SDImageCache.m */ = {isa = PBXFileReference; fileEncoding = 4; lastKnownFileType = sourcecode.c.objc; path = SDImageCache.m; sourceTree = "<group>"; };
		B88F39BF1D52F17E00F203DB /* SDImageCacheDelegate.h */ = {isa = PBXFileReference; fileEncoding = 4; lastKnownFileType = sourcecode.c.h; path = SDImageCacheDelegate.h; sourceTree = "<group>"; };
		B88F39C01D52F17E00F203DB /* SDWebImageCompat.h */ = {isa = PBXFileReference; fileEncoding = 4; lastKnownFileType = sourcecode.c.h; path = SDWebImageCompat.h; sourceTree = "<group>"; };
		B88F39C11D52F17E00F203DB /* SDWebImageDecoder.h */ = {isa = PBXFileReference; fileEncoding = 4; lastKnownFileType = sourcecode.c.h; path = SDWebImageDecoder.h; sourceTree = "<group>"; };
		B88F39C21D52F17E00F203DB /* SDWebImageDecoder.m */ = {isa = PBXFileReference; fileEncoding = 4; lastKnownFileType = sourcecode.c.objc; path = SDWebImageDecoder.m; sourceTree = "<group>"; };
		B88F39C31D52F17E00F203DB /* SDWebImageDownloader.h */ = {isa = PBXFileReference; fileEncoding = 4; lastKnownFileType = sourcecode.c.h; path = SDWebImageDownloader.h; sourceTree = "<group>"; };
		B88F39C41D52F17E00F203DB /* SDWebImageDownloader.m */ = {isa = PBXFileReference; fileEncoding = 4; lastKnownFileType = sourcecode.c.objc; path = SDWebImageDownloader.m; sourceTree = "<group>"; };
		B88F39C51D52F17E00F203DB /* SDWebImageDownloaderDelegate.h */ = {isa = PBXFileReference; fileEncoding = 4; lastKnownFileType = sourcecode.c.h; path = SDWebImageDownloaderDelegate.h; sourceTree = "<group>"; };
		B88F39C61D52F17E00F203DB /* SDWebImageManager.h */ = {isa = PBXFileReference; fileEncoding = 4; lastKnownFileType = sourcecode.c.h; path = SDWebImageManager.h; sourceTree = "<group>"; };
		B88F39C71D52F17E00F203DB /* SDWebImageManager.m */ = {isa = PBXFileReference; fileEncoding = 4; lastKnownFileType = sourcecode.c.objc; path = SDWebImageManager.m; sourceTree = "<group>"; };
		B88F39C81D52F17E00F203DB /* SDWebImageManagerDelegate.h */ = {isa = PBXFileReference; fileEncoding = 4; lastKnownFileType = sourcecode.c.h; path = SDWebImageManagerDelegate.h; sourceTree = "<group>"; };
		B88F39C91D52F17E00F203DB /* SDWebImagePrefetcher.h */ = {isa = PBXFileReference; fileEncoding = 4; lastKnownFileType = sourcecode.c.h; path = SDWebImagePrefetcher.h; sourceTree = "<group>"; };
		B88F39CA1D52F17E00F203DB /* SDWebImagePrefetcher.m */ = {isa = PBXFileReference; fileEncoding = 4; lastKnownFileType = sourcecode.c.objc; path = SDWebImagePrefetcher.m; sourceTree = "<group>"; };
		B88F39CB1D52F17E00F203DB /* UIButton+WebCache.h */ = {isa = PBXFileReference; fileEncoding = 4; lastKnownFileType = sourcecode.c.h; path = "UIButton+WebCache.h"; sourceTree = "<group>"; };
		B88F39CC1D52F17E00F203DB /* UIButton+WebCache.m */ = {isa = PBXFileReference; fileEncoding = 4; lastKnownFileType = sourcecode.c.objc; path = "UIButton+WebCache.m"; sourceTree = "<group>"; };
		B88F39CD1D52F17E00F203DB /* UIImageView+WebCache.h */ = {isa = PBXFileReference; fileEncoding = 4; lastKnownFileType = sourcecode.c.h; path = "UIImageView+WebCache.h"; sourceTree = "<group>"; };
		B88F39CE1D52F17E00F203DB /* UIImageView+WebCache.m */ = {isa = PBXFileReference; fileEncoding = 4; lastKnownFileType = sourcecode.c.objc; path = "UIImageView+WebCache.m"; sourceTree = "<group>"; };
		F1A7AA2E1C06CACF0060ADF6 /* Base */ = {isa = PBXFileReference; lastKnownFileType = file.xib; name = Base; path = Base.lproj/LaunchScreen.xib; sourceTree = "<group>"; };
		F1D13BA71C040394008F72E2 /* helloarvideo.app */ = {isa = PBXFileReference; explicitFileType = wrapper.application; includeInIndex = 0; path = helloarvideo.app; sourceTree = BUILT_PRODUCTS_DIR; };
		F1D13BAB1C040394008F72E2 /* main.m */ = {isa = PBXFileReference; lastKnownFileType = sourcecode.c.objc; path = main.m; sourceTree = "<group>"; };
		F1D13BB41C040395008F72E2 /* Base */ = {isa = PBXFileReference; lastKnownFileType = file.storyboard; name = Base; path = Base.lproj/Main.storyboard; sourceTree = "<group>"; };
		F1D13BB61C040395008F72E2 /* Assets.xcassets */ = {isa = PBXFileReference; lastKnownFileType = folder.assetcatalog; path = Assets.xcassets; sourceTree = "<group>"; };
		F1D13BBB1C040395008F72E2 /* Info.plist */ = {isa = PBXFileReference; lastKnownFileType = text.plist.xml; path = Info.plist; sourceTree = "<group>"; };
		F1D13BD21C040841008F72E2 /* AppDelegate.h */ = {isa = PBXFileReference; fileEncoding = 4; lastKnownFileType = sourcecode.c.h; path = AppDelegate.h; sourceTree = "<group>"; };
		F1D13BD31C040841008F72E2 /* AppDelegate.mm */ = {isa = PBXFileReference; fileEncoding = 4; lastKnownFileType = sourcecode.cpp.objcpp; path = AppDelegate.mm; sourceTree = "<group>"; };
		F1D13BD41C040841008F72E2 /* ar.cc */ = {isa = PBXFileReference; fileEncoding = 4; lastKnownFileType = sourcecode.cpp.cpp; path = ar.cc; sourceTree = "<group>"; };
		F1D13BD51C040841008F72E2 /* ar.hpp */ = {isa = PBXFileReference; fileEncoding = 4; lastKnownFileType = sourcecode.cpp.h; path = ar.hpp; sourceTree = "<group>"; };
		F1D13BD71C040841008F72E2 /* OpenGLView.h */ = {isa = PBXFileReference; fileEncoding = 4; lastKnownFileType = sourcecode.c.h; path = OpenGLView.h; sourceTree = "<group>"; };
		F1D13BD81C040841008F72E2 /* OpenGLView.mm */ = {isa = PBXFileReference; fileEncoding = 4; lastKnownFileType = sourcecode.cpp.objcpp; path = OpenGLView.mm; sourceTree = "<group>"; };
		F1D13BD91C040841008F72E2 /* renderer.cc */ = {isa = PBXFileReference; fileEncoding = 4; lastKnownFileType = sourcecode.cpp.cpp; path = renderer.cc; sourceTree = "<group>"; };
		F1D13BDA1C040841008F72E2 /* renderer.hpp */ = {isa = PBXFileReference; fileEncoding = 4; lastKnownFileType = sourcecode.cpp.h; path = renderer.hpp; sourceTree = "<group>"; };
		F1D13BDB1C040841008F72E2 /* ViewController.h */ = {isa = PBXFileReference; fileEncoding = 4; lastKnownFileType = sourcecode.c.h; path = ViewController.h; sourceTree = "<group>"; };
		F1D13BDC1C040841008F72E2 /* ViewController.m */ = {isa = PBXFileReference; fileEncoding = 4; lastKnownFileType = sourcecode.c.objc; path = ViewController.m; sourceTree = "<group>"; };
		F1D13C0C1C041F55008F72E2 /* UIKit.framework */ = {isa = PBXFileReference; lastKnownFileType = wrapper.framework; name = UIKit.framework; path = System/Library/Frameworks/UIKit.framework; sourceTree = SDKROOT; };
		F1D13C0E1C041F5E008F72E2 /* QuartzCore.framework */ = {isa = PBXFileReference; lastKnownFileType = wrapper.framework; name = QuartzCore.framework; path = System/Library/Frameworks/QuartzCore.framework; sourceTree = SDKROOT; };
		F1D13C101C041F63008F72E2 /* OpenGLES.framework */ = {isa = PBXFileReference; lastKnownFileType = wrapper.framework; name = OpenGLES.framework; path = System/Library/Frameworks/OpenGLES.framework; sourceTree = SDKROOT; };
		F1D13C121C041F6E008F72E2 /* CoreVideo.framework */ = {isa = PBXFileReference; lastKnownFileType = wrapper.framework; name = CoreVideo.framework; path = System/Library/Frameworks/CoreVideo.framework; sourceTree = SDKROOT; };
		F1D13C141C041F74008F72E2 /* CoreImage.framework */ = {isa = PBXFileReference; lastKnownFileType = wrapper.framework; name = CoreImage.framework; path = System/Library/Frameworks/CoreImage.framework; sourceTree = SDKROOT; };
		F1D13C161C042657008F72E2 /* CoreMedia.framework */ = {isa = PBXFileReference; lastKnownFileType = wrapper.framework; name = CoreMedia.framework; path = System/Library/Frameworks/CoreMedia.framework; sourceTree = SDKROOT; };
		F1D13C191C04266A008F72E2 /* CoreGraphics.framework */ = {isa = PBXFileReference; lastKnownFileType = wrapper.framework; name = CoreGraphics.framework; path = System/Library/Frameworks/CoreGraphics.framework; sourceTree = SDKROOT; };
		F1D13C1B1C042672008F72E2 /* AVFoundation.framework */ = {isa = PBXFileReference; lastKnownFileType = wrapper.framework; name = AVFoundation.framework; path = System/Library/Frameworks/AVFoundation.framework; sourceTree = SDKROOT; };
		F1D13C1D1C04267C008F72E2 /* easyar.framework */ = {isa = PBXFileReference; lastKnownFileType = wrapper.framework; name = easyar.framework; path = ../../package/iOS/easyar.framework; sourceTree = "<group>"; };
		F1D13C2A1C04370B008F72E2 /* argame00.jpg */ = {isa = PBXFileReference; lastKnownFileType = image.jpeg; name = argame00.jpg; path = helloarvideo/assets/argame00.jpg; sourceTree = "<group>"; };
		F1D13C2B1C04370B008F72E2 /* idback.jpg */ = {isa = PBXFileReference; lastKnownFileType = image.jpeg; name = idback.jpg; path = helloarvideo/assets/idback.jpg; sourceTree = "<group>"; };
		F1D13C2C1C04370B008F72E2 /* namecard.jpg */ = {isa = PBXFileReference; lastKnownFileType = image.jpeg; name = namecard.jpg; path = helloarvideo/assets/namecard.jpg; sourceTree = "<group>"; };
		F1D13C2D1C04370B008F72E2 /* targets.json */ = {isa = PBXFileReference; fileEncoding = 4; lastKnownFileType = text.json; name = targets.json; path = helloarvideo/assets/targets.json; sourceTree = "<group>"; };
		F1D13C2E1C04370B008F72E2 /* transparentvideo.mp4 */ = {isa = PBXFileReference; lastKnownFileType = file; name = transparentvideo.mp4; path = helloarvideo/assets/transparentvideo.mp4; sourceTree = "<group>"; };
		F1D13C2F1C04370B008F72E2 /* video.mp4 */ = {isa = PBXFileReference; lastKnownFileType = file; name = video.mp4; path = helloarvideo/assets/video.mp4; sourceTree = "<group>"; };
/* End PBXFileReference section */

/* Begin PBXFrameworksBuildPhase section */
		F1D13BA41C040394008F72E2 /* Frameworks */ = {
			isa = PBXFrameworksBuildPhase;
			buildActionMask = 2147483647;
			files = (
				B823D7C81D4F47DC00D68D75 /* libz.tbd in Frameworks */,
				B88F39901D4F4B8F00F203DB /* AMapLocationKit.framework in Frameworks */,
				B88F39971D4F4BF000F203DB /* AMapFoundationKit.framework in Frameworks */,
				B823D7C61D4F47CB00D68D75 /* SystemConfiguration.framework in Frameworks */,
				B823D7C41D4F47BF00D68D75 /* CoreTelephony.framework in Frameworks */,
				B823D7B31D4F401B00D68D75 /* CoreLocation.framework in Frameworks */,
				F1D13C1E1C04267C008F72E2 /* easyar.framework in Frameworks */,
				F1D13C1C1C042672008F72E2 /* AVFoundation.framework in Frameworks */,
				F1D13C1A1C04266A008F72E2 /* CoreGraphics.framework in Frameworks */,
				F1D13C181C04265F008F72E2 /* CoreImage.framework in Frameworks */,
				F1D13C171C042657008F72E2 /* CoreMedia.framework in Frameworks */,
				F1D13C131C041F6E008F72E2 /* CoreVideo.framework in Frameworks */,
				F1D13C111C041F63008F72E2 /* OpenGLES.framework in Frameworks */,
				F1D13C0F1C041F5E008F72E2 /* QuartzCore.framework in Frameworks */,
				F1D13C0D1C041F55008F72E2 /* UIKit.framework in Frameworks */,
			);
			runOnlyForDeploymentPostprocessing = 0;
		};
/* End PBXFrameworksBuildPhase section */

/* Begin PBXGroup section */
		B88F399C1D4F524400F203DB /* vendor */ = {
			isa = PBXGroup;
			children = (
				B88F39991D4F523100F203DB /* HTTPService.h */,
				B88F399A1D4F523100F203DB /* HTTPService.m */,
			);
			name = vendor;
			sourceTree = "<group>";
		};
		B88F399D1D4F528E00F203DB /* AFNetworking */ = {
			isa = PBXGroup;
			children = (
				B88F399E1D4F528E00F203DB /* AFHTTPRequestOperation.h */,
				B88F399F1D4F528E00F203DB /* AFHTTPRequestOperation.m */,
				B88F39A01D4F528E00F203DB /* AFHTTPRequestOperationManager.h */,
				B88F39A11D4F528E00F203DB /* AFHTTPRequestOperationManager.m */,
				B88F39A21D4F528E00F203DB /* AFHTTPSessionManager.h */,
				B88F39A31D4F528E00F203DB /* AFHTTPSessionManager.m */,
				B88F39A41D4F528E00F203DB /* AFNetworking.h */,
				B88F39A51D4F528E00F203DB /* AFNetworkReachabilityManager.h */,
				B88F39A61D4F528E00F203DB /* AFNetworkReachabilityManager.m */,
				B88F39A71D4F528E00F203DB /* AFSecurityPolicy.h */,
				B88F39A81D4F528E00F203DB /* AFSecurityPolicy.m */,
				B88F39A91D4F528E00F203DB /* AFURLConnectionOperation.h */,
				B88F39AA1D4F528E00F203DB /* AFURLConnectionOperation.m */,
				B88F39AB1D4F528E00F203DB /* AFURLRequestSerialization.h */,
				B88F39AC1D4F528E00F203DB /* AFURLRequestSerialization.m */,
				B88F39AD1D4F528E00F203DB /* AFURLResponseSerialization.h */,
				B88F39AE1D4F528E00F203DB /* AFURLResponseSerialization.m */,
				B88F39AF1D4F528E00F203DB /* AFURLSessionManager.h */,
				B88F39B01D4F528E00F203DB /* AFURLSessionManager.m */,
			);
			path = AFNetworking;
			sourceTree = "<group>";
		};
		B88F39BA1D52F17E00F203DB /* SDWebImage */ = {
			isa = PBXGroup;
			children = (
				B88F39BB1D52F17E00F203DB /* MKAnnotationView+WebCache.h */,
				B88F39BC1D52F17E00F203DB /* MKAnnotationView+WebCache.m */,
				B88F39BD1D52F17E00F203DB /* SDImageCache.h */,
				B88F39BE1D52F17E00F203DB /* SDImageCache.m */,
				B88F39BF1D52F17E00F203DB /* SDImageCacheDelegate.h */,
				B88F39C01D52F17E00F203DB /* SDWebImageCompat.h */,
				B88F39C11D52F17E00F203DB /* SDWebImageDecoder.h */,
				B88F39C21D52F17E00F203DB /* SDWebImageDecoder.m */,
				B88F39C31D52F17E00F203DB /* SDWebImageDownloader.h */,
				B88F39C41D52F17E00F203DB /* SDWebImageDownloader.m */,
				B88F39C51D52F17E00F203DB /* SDWebImageDownloaderDelegate.h */,
				B88F39C61D52F17E00F203DB /* SDWebImageManager.h */,
				B88F39C71D52F17E00F203DB /* SDWebImageManager.m */,
				B88F39C81D52F17E00F203DB /* SDWebImageManagerDelegate.h */,
				B88F39C91D52F17E00F203DB /* SDWebImagePrefetcher.h */,
				B88F39CA1D52F17E00F203DB /* SDWebImagePrefetcher.m */,
				B88F39CB1D52F17E00F203DB /* UIButton+WebCache.h */,
				B88F39CC1D52F17E00F203DB /* UIButton+WebCache.m */,
				B88F39CD1D52F17E00F203DB /* UIImageView+WebCache.h */,
				B88F39CE1D52F17E00F203DB /* UIImageView+WebCache.m */,
			);
			path = SDWebImage;
			sourceTree = "<group>";
		};
		F1D13B9E1C040394008F72E2 = {
			isa = PBXGroup;
			children = (
				B88F39931D4F4BF000F203DB /* AMapLocationKit.framework */,
				B88F39941D4F4BF000F203DB /* AMapFoundationKit.framework */,
				B823D7C71D4F47DC00D68D75 /* libz.tbd */,
				B823D7C51D4F47CB00D68D75 /* SystemConfiguration.framework */,
				B823D7C31D4F47BF00D68D75 /* CoreTelephony.framework */,
				B823D7B21D4F401B00D68D75 /* CoreLocation.framework */,
				F1D13C1D1C04267C008F72E2 /* easyar.framework */,
				F1D13C1B1C042672008F72E2 /* AVFoundation.framework */,
				F1D13C191C04266A008F72E2 /* CoreGraphics.framework */,
				F1D13C161C042657008F72E2 /* CoreMedia.framework */,
				F1D13C141C041F74008F72E2 /* CoreImage.framework */,
				F1D13C121C041F6E008F72E2 /* CoreVideo.framework */,
				F1D13C101C041F63008F72E2 /* OpenGLES.framework */,
				F1D13C0E1C041F5E008F72E2 /* QuartzCore.framework */,
				F1D13C0C1C041F55008F72E2 /* UIKit.framework */,
				F1D13BA91C040394008F72E2 /* helloarvideo */,
				F1D13BA81C040394008F72E2 /* Products */,
			);
			sourceTree = "<group>";
		};
		F1D13BA81C040394008F72E2 /* Products */ = {
			isa = PBXGroup;
			children = (
				F1D13BA71C040394008F72E2 /* helloarvideo.app */,
			);
			name = Products;
			sourceTree = "<group>";
		};
		F1D13BA91C040394008F72E2 /* helloarvideo */ = {
			isa = PBXGroup;
			children = (
				B88F39BA1D52F17E00F203DB /* SDWebImage */,
				B88F399D1D4F528E00F203DB /* AFNetworking */,
				B88F399C1D4F524400F203DB /* vendor */,
				F1D13C361C043716008F72E2 /* assets */,
				F1D13BD21C040841008F72E2 /* AppDelegate.h */,
				F1D13BD31C040841008F72E2 /* AppDelegate.mm */,
				B83491D71D49F96C00B10A5D /* demoViewController.h */,
				B83491D81D49F96C00B10A5D /* demoViewController.m */,
				B846AD2B1D40B96F0014AC4A /* userTakePhotoViewController.h */,
				B846AD2C1D40B96F0014AC4A /* userTakePhotoViewController.mm */,
				B823D7AF1D4F3E1700D68D75 /* uploadPhotoViewController.h */,
				B823D7B01D4F3E1700D68D75 /* uploadPhotoViewController.m */,
				F1D13BD41C040841008F72E2 /* ar.cc */,
				F1D13BD51C040841008F72E2 /* ar.hpp */,
				F1D13BD71C040841008F72E2 /* OpenGLView.h */,
				F1D13BD81C040841008F72E2 /* OpenGLView.mm */,
				F1D13BD91C040841008F72E2 /* renderer.cc */,
				F1D13BDA1C040841008F72E2 /* renderer.hpp */,
				F1D13BDB1C040841008F72E2 /* ViewController.h */,
				F1D13BDC1C040841008F72E2 /* ViewController.m */,
				F1D13BB31C040395008F72E2 /* Main.storyboard */,
				F1A7AA2D1C06CACF0060ADF6 /* LaunchScreen.xib */,
				F1D13BB61C040395008F72E2 /* Assets.xcassets */,
				F1D13BBB1C040395008F72E2 /* Info.plist */,
				F1D13BAA1C040394008F72E2 /* Supporting Files */,
			);
			path = helloarvideo;
			sourceTree = "<group>";
		};
		F1D13BAA1C040394008F72E2 /* Supporting Files */ = {
			isa = PBXGroup;
			children = (
				F1D13BAB1C040394008F72E2 /* main.m */,
			);
			name = "Supporting Files";
			sourceTree = "<group>";
		};
		F1D13C361C043716008F72E2 /* assets */ = {
			isa = PBXGroup;
			children = (
				B83491D51D48CA7C00B10A5D /* heart-icon.png */,
				B83491D31D48C1FA00B10A5D /* clock.png */,
				B83491D11D473E2400B10A5D /* rrt.jpg */,
				B83491CF1D473DCF00B10A5D /* frame.png */,
				B83491CD1D473AA900B10A5D /* IMG_0421.jpg */,
				F1D13C2A1C04370B008F72E2 /* argame00.jpg */,
				F1D13C2B1C04370B008F72E2 /* idback.jpg */,
				F1D13C2C1C04370B008F72E2 /* namecard.jpg */,
				F1D13C2D1C04370B008F72E2 /* targets.json */,
				F1D13C2E1C04370B008F72E2 /* transparentvideo.mp4 */,
				F1D13C2F1C04370B008F72E2 /* video.mp4 */,
			);
			name = assets;
			path = ..;
			sourceTree = "<group>";
		};
/* End PBXGroup section */

/* Begin PBXNativeTarget section */
		F1D13BA61C040394008F72E2 /* helloarvideo */ = {
			isa = PBXNativeTarget;
			buildConfigurationList = F1D13BBE1C040395008F72E2 /* Build configuration list for PBXNativeTarget "helloarvideo" */;
			buildPhases = (
				F1D13BA31C040394008F72E2 /* Sources */,
				F1D13BA41C040394008F72E2 /* Frameworks */,
				F1D13BA51C040394008F72E2 /* Resources */,
			);
			buildRules = (
			);
			dependencies = (
			);
			name = helloarvideo;
			productName = helloarvideo;
			productReference = F1D13BA71C040394008F72E2 /* helloarvideo.app */;
			productType = "com.apple.product-type.application";
		};
/* End PBXNativeTarget section */

/* Begin PBXProject section */
		F1D13B9F1C040394008F72E2 /* Project object */ = {
			isa = PBXProject;
			attributes = {
				LastUpgradeCheck = 0710;
				ORGANIZATIONNAME = "VisionStar Information Technology (Shanghai) Co., Ltd";
				TargetAttributes = {
					F1D13BA61C040394008F72E2 = {
						CreatedOnToolsVersion = 7.1;
						SystemCapabilities = {
							com.apple.BackgroundModes = {
								enabled = 1;
							};
						};
					};
				};
			};
			buildConfigurationList = F1D13BA21C040394008F72E2 /* Build configuration list for PBXProject "helloarvideo" */;
			compatibilityVersion = "Xcode 3.2";
			developmentRegion = English;
			hasScannedForEncodings = 0;
			knownRegions = (
				en,
				Base,
			);
			mainGroup = F1D13B9E1C040394008F72E2;
			productRefGroup = F1D13BA81C040394008F72E2 /* Products */;
			projectDirPath = "";
			projectRoot = "";
			targets = (
				F1D13BA61C040394008F72E2 /* helloarvideo */,
			);
		};
/* End PBXProject section */

/* Begin PBXResourcesBuildPhase section */
		F1D13BA51C040394008F72E2 /* Resources */ = {
			isa = PBXResourcesBuildPhase;
			buildActionMask = 2147483647;
			files = (
				F1D13C301C04370B008F72E2 /* argame00.jpg in Resources */,
				F1D13BB71C040395008F72E2 /* Assets.xcassets in Resources */,
				F1D13BB51C040395008F72E2 /* Main.storyboard in Resources */,
				F1D13C351C04370B008F72E2 /* video.mp4 in Resources */,
				F1D13C341C04370B008F72E2 /* transparentvideo.mp4 in Resources */,
				F1D13C321C04370B008F72E2 /* namecard.jpg in Resources */,
				B83491D21D473E2400B10A5D /* rrt.jpg in Resources */,
				B83491CE1D473AA900B10A5D /* IMG_0421.jpg in Resources */,
				F1D13C331C04370B008F72E2 /* targets.json in Resources */,
				F1A7AA2F1C06CACF0060ADF6 /* LaunchScreen.xib in Resources */,
				B83491D01D473DCF00B10A5D /* frame.png in Resources */,
				F1D13C311C04370B008F72E2 /* idback.jpg in Resources */,
				B83491D41D48C1FA00B10A5D /* clock.png in Resources */,
				B83491D61D48CA7C00B10A5D /* heart-icon.png in Resources */,
			);
			runOnlyForDeploymentPostprocessing = 0;
		};
/* End PBXResourcesBuildPhase section */

/* Begin PBXSourcesBuildPhase section */
		F1D13BA31C040394008F72E2 /* Sources */ = {
			isa = PBXSourcesBuildPhase;
			buildActionMask = 2147483647;
			files = (
				B88F39D21D52F17E00F203DB /* SDWebImageDownloader.m in Sources */,
				B88F39B61D4F528E00F203DB /* AFURLConnectionOperation.m in Sources */,
				F1D13BE21C040841008F72E2 /* ViewController.m in Sources */,
				B88F39B51D4F528E00F203DB /* AFSecurityPolicy.m in Sources */,
				B88F399B1D4F523100F203DB /* HTTPService.m in Sources */,
				B88F39B21D4F528E00F203DB /* AFHTTPRequestOperationManager.m in Sources */,
				F1D13BDE1C040841008F72E2 /* ar.cc in Sources */,
				F1D13BDD1C040841008F72E2 /* AppDelegate.mm in Sources */,
				B83491D91D49F96C00B10A5D /* demoViewController.m in Sources */,
				B88F39D51D52F17E00F203DB /* UIButton+WebCache.m in Sources */,
				B88F39D31D52F17E00F203DB /* SDWebImageManager.m in Sources */,
				B846AD2D1D40B96F0014AC4A /* userTakePhotoViewController.mm in Sources */,
				F1D13BE11C040841008F72E2 /* renderer.cc in Sources */,
				B88F39B91D4F528E00F203DB /* AFURLSessionManager.m in Sources */,
				B88F39B81D4F528E00F203DB /* AFURLResponseSerialization.m in Sources */,
				F1D13BE01C040841008F72E2 /* OpenGLView.mm in Sources */,
				B88F39D01D52F17E00F203DB /* SDImageCache.m in Sources */,
				B88F39D41D52F17E00F203DB /* SDWebImagePrefetcher.m in Sources */,
				B88F39CF1D52F17E00F203DB /* MKAnnotationView+WebCache.m in Sources */,
				F1D13BAC1C040394008F72E2 /* main.m in Sources */,
				B88F39D11D52F17E00F203DB /* SDWebImageDecoder.m in Sources */,
				B88F39B71D4F528E00F203DB /* AFURLRequestSerialization.m in Sources */,
				B88F39B41D4F528E00F203DB /* AFNetworkReachabilityManager.m in Sources */,
				B88F39D61D52F17E00F203DB /* UIImageView+WebCache.m in Sources */,
				B823D7B11D4F3E1700D68D75 /* uploadPhotoViewController.m in Sources */,
				B88F39B11D4F528E00F203DB /* AFHTTPRequestOperation.m in Sources */,
				B88F39B31D4F528E00F203DB /* AFHTTPSessionManager.m in Sources */,
			);
			runOnlyForDeploymentPostprocessing = 0;
		};
/* End PBXSourcesBuildPhase section */

/* Begin PBXVariantGroup section */
		F1A7AA2D1C06CACF0060ADF6 /* LaunchScreen.xib */ = {
			isa = PBXVariantGroup;
			children = (
				F1A7AA2E1C06CACF0060ADF6 /* Base */,
			);
			name = LaunchScreen.xib;
			sourceTree = "<group>";
		};
		F1D13BB31C040395008F72E2 /* Main.storyboard */ = {
			isa = PBXVariantGroup;
			children = (
				F1D13BB41C040395008F72E2 /* Base */,
			);
			name = Main.storyboard;
			sourceTree = "<group>";
		};
/* End PBXVariantGroup section */

/* Begin XCBuildConfiguration section */
		F1D13BBC1C040395008F72E2 /* Debug */ = {
			isa = XCBuildConfiguration;
			buildSettings = {
				ALWAYS_SEARCH_USER_PATHS = NO;
				CLANG_CXX_LANGUAGE_STANDARD = "gnu++0x";
				CLANG_CXX_LIBRARY = "libc++";
				CLANG_ENABLE_MODULES = YES;
				CLANG_ENABLE_OBJC_ARC = YES;
				CLANG_WARN_BOOL_CONVERSION = YES;
				CLANG_WARN_CONSTANT_CONVERSION = YES;
				CLANG_WARN_DIRECT_OBJC_ISA_USAGE = YES_ERROR;
				CLANG_WARN_EMPTY_BODY = YES;
				CLANG_WARN_ENUM_CONVERSION = YES;
				CLANG_WARN_INT_CONVERSION = YES;
				CLANG_WARN_OBJC_ROOT_CLASS = YES_ERROR;
				CLANG_WARN_UNREACHABLE_CODE = YES;
				CLANG_WARN__DUPLICATE_METHOD_MATCH = YES;
				"CODE_SIGN_IDENTITY[sdk=iphoneos*]" = "iPhone Developer";
				COPY_PHASE_STRIP = NO;
				DEBUG_INFORMATION_FORMAT = dwarf;
				ENABLE_STRICT_OBJC_MSGSEND = YES;
				ENABLE_TESTABILITY = YES;
				GCC_C_LANGUAGE_STANDARD = gnu99;
				GCC_DYNAMIC_NO_PIC = NO;
				GCC_NO_COMMON_BLOCKS = YES;
				GCC_OPTIMIZATION_LEVEL = 0;
				GCC_PREPROCESSOR_DEFINITIONS = (
					"DEBUG=1",
					"$(inherited)",
				);
				GCC_WARN_64_TO_32_BIT_CONVERSION = YES;
				GCC_WARN_ABOUT_RETURN_TYPE = YES_ERROR;
				GCC_WARN_UNDECLARED_SELECTOR = YES;
				GCC_WARN_UNINITIALIZED_AUTOS = YES_AGGRESSIVE;
				GCC_WARN_UNUSED_FUNCTION = YES;
				GCC_WARN_UNUSED_VARIABLE = YES;
				IPHONEOS_DEPLOYMENT_TARGET = 9.1;
				MTL_ENABLE_DEBUG_INFO = YES;
				ONLY_ACTIVE_ARCH = YES;
				SDKROOT = iphoneos;
				TARGETED_DEVICE_FAMILY = "1,2";
			};
			name = Debug;
		};
		F1D13BBD1C040395008F72E2 /* Release */ = {
			isa = XCBuildConfiguration;
			buildSettings = {
				ALWAYS_SEARCH_USER_PATHS = NO;
				CLANG_CXX_LANGUAGE_STANDARD = "gnu++0x";
				CLANG_CXX_LIBRARY = "libc++";
				CLANG_ENABLE_MODULES = YES;
				CLANG_ENABLE_OBJC_ARC = YES;
				CLANG_WARN_BOOL_CONVERSION = YES;
				CLANG_WARN_CONSTANT_CONVERSION = YES;
				CLANG_WARN_DIRECT_OBJC_ISA_USAGE = YES_ERROR;
				CLANG_WARN_EMPTY_BODY = YES;
				CLANG_WARN_ENUM_CONVERSION = YES;
				CLANG_WARN_INT_CONVERSION = YES;
				CLANG_WARN_OBJC_ROOT_CLASS = YES_ERROR;
				CLANG_WARN_UNREACHABLE_CODE = YES;
				CLANG_WARN__DUPLICATE_METHOD_MATCH = YES;
				"CODE_SIGN_IDENTITY[sdk=iphoneos*]" = "iPhone Developer";
				COPY_PHASE_STRIP = NO;
				DEBUG_INFORMATION_FORMAT = "dwarf-with-dsym";
				ENABLE_NS_ASSERTIONS = NO;
				ENABLE_STRICT_OBJC_MSGSEND = YES;
				GCC_C_LANGUAGE_STANDARD = gnu99;
				GCC_NO_COMMON_BLOCKS = YES;
				GCC_WARN_64_TO_32_BIT_CONVERSION = YES;
				GCC_WARN_ABOUT_RETURN_TYPE = YES_ERROR;
				GCC_WARN_UNDECLARED_SELECTOR = YES;
				GCC_WARN_UNINITIALIZED_AUTOS = YES_AGGRESSIVE;
				GCC_WARN_UNUSED_FUNCTION = YES;
				GCC_WARN_UNUSED_VARIABLE = YES;
				IPHONEOS_DEPLOYMENT_TARGET = 9.1;
				MTL_ENABLE_DEBUG_INFO = NO;
				SDKROOT = iphoneos;
				TARGETED_DEVICE_FAMILY = "1,2";
				VALIDATE_PRODUCT = YES;
			};
			name = Release;
		};
		F1D13BBF1C040395008F72E2 /* Debug */ = {
			isa = XCBuildConfiguration;
			buildSettings = {
				ASSETCATALOG_COMPILER_APPICON_NAME = AppIcon;
				CODE_SIGN_IDENTITY = "iPhone Developer: Yin Sun (W97Q5T57P9)";
				ENABLE_BITCODE = NO;
				FRAMEWORK_SEARCH_PATHS = (
					../../package/iOS,
					"$(PROJECT_DIR)",
					"$(PROJECT_DIR)/helloarvideo/vendors",
				);
				GCC_PRECOMPILE_PREFIX_HEADER = YES;
				GCC_PREFIX_HEADER = PrefixHeader.pch;
				INFOPLIST_FILE = helloarvideo/Info.plist;
				IPHONEOS_DEPLOYMENT_TARGET = 6.0;
				LD_RUNPATH_SEARCH_PATHS = "$(inherited) @executable_path/Frameworks";
				OTHER_LDFLAGS = "-ObjC";
				PRODUCT_BUNDLE_IDENTIFIER = com.youku.liveshow;
				PRODUCT_NAME = "$(TARGET_NAME)";
				PROVISIONING_PROFILE = "fc88dd73-4bbd-48a6-ba64-367f313404e9";
			};
			name = Debug;
		};
		F1D13BC01C040395008F72E2 /* Release */ = {
			isa = XCBuildConfiguration;
			buildSettings = {
				ASSETCATALOG_COMPILER_APPICON_NAME = AppIcon;
				CODE_SIGN_IDENTITY = "iPhone Developer: Yin Sun (W97Q5T57P9)";
				ENABLE_BITCODE = NO;
				FRAMEWORK_SEARCH_PATHS = (
					../../package/iOS,
					"$(PROJECT_DIR)",
					"$(PROJECT_DIR)/helloarvideo/vendors",
				);
				GCC_PRECOMPILE_PREFIX_HEADER = YES;
				GCC_PREFIX_HEADER = PrefixHeader.pch;
				INFOPLIST_FILE = helloarvideo/Info.plist;
				IPHONEOS_DEPLOYMENT_TARGET = 6.0;
				LD_RUNPATH_SEARCH_PATHS = "$(inherited) @executable_path/Frameworks";
				OTHER_LDFLAGS = "-ObjC";
				PRODUCT_BUNDLE_IDENTIFIER = com.youku.liveshow;
				PRODUCT_NAME = "$(TARGET_NAME)";
				PROVISIONING_PROFILE = "fc88dd73-4bbd-48a6-ba64-367f313404e9";
			};
			name = Release;
		};
/* End XCBuildConfiguration section */

/* Begin XCConfigurationList section */
		F1D13BA21C040394008F72E2 /* Build configuration list for PBXProject "helloarvideo" */ = {
			isa = XCConfigurationList;
			buildConfigurations = (
				F1D13BBC1C040395008F72E2 /* Debug */,
				F1D13BBD1C040395008F72E2 /* Release */,
			);
			defaultConfigurationIsVisible = 0;
			defaultConfigurationName = Release;
		};
		F1D13BBE1C040395008F72E2 /* Build configuration list for PBXNativeTarget "helloarvideo" */ = {
			isa = XCConfigurationList;
			buildConfigurations = (
				F1D13BBF1C040395008F72E2 /* Debug */,
				F1D13BC01C040395008F72E2 /* Release */,
			);
			defaultConfigurationIsVisible = 0;
			defaultConfigurationName = Release;
		};
/* End XCConfigurationList section */
	};
	rootObject = F1D13B9F1C040394008F72E2 /* Project object */;
}
